
Microsoft Visual Studio Solution File, Format Version 12.00
# Visual Studio Version 17
VisualStudioVersion = 17.14.36109.1 d17.14
MinimumVisualStudioVersion = 10.0.40219.1
Project("{FAE04EC0-301F-11D3-BF4B-00C04F79EFBC}") = "LibraryManagementSystem", "LibraryManagementSystem\LibraryManagementSystem.csproj", "{772FD160-9307-426B-B224-212F3DE052BB}"
EndProject
Global
	GlobalSection(SolutionConfigurationPlatforms) = preSolution
		Debug|Any CPU = Debug|Any CPU
		Release|Any CPU = Release|Any CPU
	EndGlobalSection
	GlobalSection(ProjectConfigurationPlatforms) = postSolution
		{772FD160-9307-426B-B224-212F3DE052BB}.Debug|Any CPU.ActiveCfg = Debug|Any CPU
		{772FD160-9307-426B-B224-212F3DE052BB}.Debug|Any CPU.Build.0 = Debug|Any CPU
		{772FD160-9307-426B-B224-212F3DE052BB}.Release|Any CPU.ActiveCfg = Release|Any CPU
		{772FD160-9307-426B-B224-212F3DE052BB}.Release|Any CPU.Build.0 = Release|Any CPU
	EndGlobalSection
	GlobalSection(SolutionProperties) = preSolution
		HideSolutionNode = FALSE
	EndGlobalSection
	GlobalSection(ExtensibilityGlobals) = postSolution
		SolutionGuid = {2B37EF8C-93FE-4216-8A10-B7FF2CE80FEA}
	EndGlobalSection
EndGlobal
